# This file is automatically @generated by Cargo.
# It is not intended for manual editing.
[[package]]
name = "ctrt"
version = "0.1.0"
dependencies = [
 "lodepng 2.6.0 (registry+https://github.com/rust-lang/crates.io-index)",
]

[[package]]
name = "libc"
version = "0.2.69"
source = "registry+https://github.com/rust-lang/crates.io-index"

[[package]]
name = "lodepng"
version = "2.6.0"
source = "registry+https://github.com/rust-lang/crates.io-index"
dependencies = [
 "libc 0.2.69 (registry+https://github.com/rust-lang/crates.io-index)",
 "rgb 0.8.17 (registry+https://github.com/rust-lang/crates.io-index)",
]

[[package]]
name = "rgb"
version = "0.8.17"
source = "registry+https://github.com/rust-lang/crates.io-index"

[metadata]
"checksum libc 0.2.69 (registry+https://github.com/rust-lang/crates.io-index)" = "99e85c08494b21a9054e7fe1374a732aeadaff3980b6990b94bfd3a70f690005"
"checksum lodepng 2.6.0 (registry+https://github.com/rust-lang/crates.io-index)" = "9b1237d003f81f68a886aa31fd31fc932da1344b5e81337cbd88783e672e2ff5"
"checksum rgb 0.8.17 (registry+https://github.com/rust-lang/crates.io-index)" = "a85b83fd629b0ce765f45316774fa6aaa95947fd74c8e4bbf3c6d1e349701d95"
